
Microsoft Visual Studio Solution File, Format Version 12.00
# Visual Studio 15
VisualStudioVersion = 15.0.27703.2047
MinimumVisualStudioVersion = 10.0.40219.1
Project("{FAE04EC0-301F-11D3-BF4B-00C04F79EFBC}") = "HOL3", "HOL3\HOL3.csproj", "{68903CFA-D7DB-40E6-BB00-A75F052AAA64}"
EndProject
Project("{FAE04EC0-301F-11D3-BF4B-00C04F79EFBC}") = "HOL3Web", "HOL3Web\HOL3Web.csproj", "{4369E0B9-1A7F-411B-83B3-CAC14955B74B}"
EndProject
Global
	GlobalSection(SolutionConfigurationPlatforms) = preSolution
		Debug|Any CPU = Debug|Any CPU
		Release|Any CPU = Release|Any CPU
	EndGlobalSection
	GlobalSection(ProjectConfigurationPlatforms) = postSolution
		{68903CFA-D7DB-40E6-BB00-A75F052AAA64}.Debug|Any CPU.ActiveCfg = Debug|Any CPU
		{68903CFA-D7DB-40E6-BB00-A75F052AAA64}.Debug|Any CPU.Build.0 = Debug|Any CPU
		{68903CFA-D7DB-40E6-BB00-A75F052AAA64}.Debug|Any CPU.Deploy.0 = Debug|Any CPU
		{68903CFA-D7DB-40E6-BB00-A75F052AAA64}.Release|Any CPU.ActiveCfg = Release|Any CPU
		{68903CFA-D7DB-40E6-BB00-A75F052AAA64}.Release|Any CPU.Build.0 = Release|Any CPU
		{68903CFA-D7DB-40E6-BB00-A75F052AAA64}.Release|Any CPU.Deploy.0 = Release|Any CPU
		{4369E0B9-1A7F-411B-83B3-CAC14955B74B}.Debug|Any CPU.ActiveCfg = Debug|Any CPU
		{4369E0B9-1A7F-411B-83B3-CAC14955B74B}.Debug|Any CPU.Build.0 = Debug|Any CPU
		{4369E0B9-1A7F-411B-83B3-CAC14955B74B}.Release|Any CPU.ActiveCfg = Release|Any CPU
		{4369E0B9-1A7F-411B-83B3-CAC14955B74B}.Release|Any CPU.Build.0 = Release|Any CPU
	EndGlobalSection
	GlobalSection(SolutionProperties) = preSolution
		HideSolutionNode = FALSE
	EndGlobalSection
	GlobalSection(ExtensibilityGlobals) = postSolution
		SolutionGuid = {7D2B405C-5B5D-49E7-BB1D-D0A7CAD7D62E}
	EndGlobalSection
EndGlobal
